
Microsoft Visual Studio Solution File, Format Version 12.00
# Visual Studio Version 17
VisualStudioVersion = 17.13.35617.110 d17.13
MinimumVisualStudioVersion = 10.0.40219.1
Project("{54A90642-561A-4BB1-A94E-469ADEE60C69}") = "healthbuddy.client", "healthbuddy.client\healthbuddy.client.esproj", "{CA43088C-64B3-528A-E28D-A374B6C2E286}"
EndProject
Project("{FAE04EC0-301F-11D3-BF4B-00C04F79EFBC}") = "HealthBuddy.Server", "HealthBuddy.Server\HealthBuddy.Server.csproj", "{FC3C0942-80C0-44F2-879C-74B6D9CB6AE4}"
EndProject
Global
	GlobalSection(SolutionConfigurationPlatforms) = preSolution
		Debug|Any CPU = Debug|Any CPU
		Release|Any CPU = Release|Any CPU
	EndGlobalSection
	GlobalSection(ProjectConfigurationPlatforms) = postSolution
		{CA43088C-64B3-528A-E28D-A374B6C2E286}.Debug|Any CPU.ActiveCfg = Debug|Any CPU
		{CA43088C-64B3-528A-E28D-A374B6C2E286}.Debug|Any CPU.Build.0 = Debug|Any CPU
		{CA43088C-64B3-528A-E28D-A374B6C2E286}.Debug|Any CPU.Deploy.0 = Debug|Any CPU
		{CA43088C-64B3-528A-E28D-A374B6C2E286}.Release|Any CPU.ActiveCfg = Release|Any CPU
		{CA43088C-64B3-528A-E28D-A374B6C2E286}.Release|Any CPU.Build.0 = Release|Any CPU
		{CA43088C-64B3-528A-E28D-A374B6C2E286}.Release|Any CPU.Deploy.0 = Release|Any CPU
		{FC3C0942-80C0-44F2-879C-74B6D9CB6AE4}.Debug|Any CPU.ActiveCfg = Debug|Any CPU
		{FC3C0942-80C0-44F2-879C-74B6D9CB6AE4}.Debug|Any CPU.Build.0 = Debug|Any CPU
		{FC3C0942-80C0-44F2-879C-74B6D9CB6AE4}.Release|Any CPU.ActiveCfg = Release|Any CPU
		{FC3C0942-80C0-44F2-879C-74B6D9CB6AE4}.Release|Any CPU.Build.0 = Release|Any CPU
	EndGlobalSection
	GlobalSection(SolutionProperties) = preSolution
		HideSolutionNode = FALSE
	EndGlobalSection
	GlobalSection(ExtensibilityGlobals) = postSolution
		SolutionGuid = {797338ED-7194-4695-9BF0-9D85A276FBC3}
	EndGlobalSection
EndGlobal
